# This file was autogenerated by Stack.
# You should not edit this file by hand.
# For more information, please see the documentation at:
#   https://docs.haskellstack.org/en/stable/lock_files

packages:
- completed:
    commit: 1ca79c7632ac921720b609a2a1bee7d90b7a02af
    git: https://github.com/stla/jacobi-theta.git
    name: jacobi-theta
    pantry-tree:
      sha256: 9488726294512da43ee1498cfc9bd57ced5d41261334467b1f52ba3d059dc793
      size: 772
    version: 0.2.1.1
  original:
    commit: 1ca79c7632ac921720b609a2a1bee7d90b7a02af
    git: https://github.com/stla/jacobi-theta.git
- completed:
    hackage: elliptic-integrals-0.1.0.0@sha256:f96e03260c1fc51f8e1a65ef2d4d36600ac36eac5d50c41a444b676791cd9292,1484
    pantry-tree:
      sha256: 61dded2aca9b2c0de5a84083582a73dab4418c8e09950027d814338daca33caa
      size: 674
  original:
    hackage: elliptic-integrals-0.1.0.0
- completed:
    hackage: gamma-0.10.0.0@sha256:0d666fc486899a2e22f44aec1aa32c168e0803e6c2ddb266a18a07700ca5d95b,2051
    pantry-tree:
      sha256: 696ffa11ea5b4f707aadeea0453ff89e938d4a55fc8629d9700b37d07aeda2bb
      size: 925
  original:
    hackage: gamma-0.10.0.0
- completed:
    hackage: continued-fractions-0.10.0.2@sha256:82808ad1721046ca406659331402c5d894946d974f9ba4925931e9c7e6934549,1782
    pantry-tree:
      sha256: a71c87f48b29acb49ae1d85ce4a0fd86763411657c5bcadec78abb070ac6b94c
      size: 400
  original:
    hackage: continued-fractions-0.10.0.2
- completed:
    hackage: converge-0.1.0.1@sha256:47e5534a30ab798062012c003df12efcb9b3fbc63ac4f80525dcfc70737f1dc0,1203
    pantry-tree:
      sha256: ab6d6806d42f704168db1e9a52893daff67fd2d5b98f915a17e69d158492ccf6
      size: 176
  original:
    hackage: converge-0.1.0.1
snapshots:
- completed:
    sha256: 5a59b2a405b3aba3c00188453be172b85893cab8ebc352b1ef58b0eae5d248a2
    size: 650475
    url: https://raw.githubusercontent.com/commercialhaskell/stackage-snapshots/master/lts/20/26.yaml
  original: lts-20.26
