# This file was autogenerated by Stack.
# You should not edit this file by hand.
# For more information, please see the documentation at:
#   https://docs.haskellstack.org/en/stable/lock_files

packages:
- completed:
    hackage: jacobi-theta-0.1.0.0@sha256:32e17e4ad80b4db818510c120af85cd571112b608c1b5ccc75462236aac08e36,1533
    pantry-tree:
      sha256: 1a336247149a646189ea90afdcd9281c3cf3801280d4b088c54aeed22ef08efc
      size: 427
  original:
    hackage: jacobi-theta-0.1.0.0
- completed:
    hackage: elliptic-integrals-0.1.0.0@sha256:f96e03260c1fc51f8e1a65ef2d4d36600ac36eac5d50c41a444b676791cd9292,1484
    pantry-tree:
      sha256: 61dded2aca9b2c0de5a84083582a73dab4418c8e09950027d814338daca33caa
      size: 674
  original:
    hackage: elliptic-integrals-0.1.0.0
- completed:
    hackage: gamma-0.10.0.0@sha256:0d666fc486899a2e22f44aec1aa32c168e0803e6c2ddb266a18a07700ca5d95b,2051
    pantry-tree:
      sha256: 696ffa11ea5b4f707aadeea0453ff89e938d4a55fc8629d9700b37d07aeda2bb
      size: 925
  original:
    hackage: gamma-0.10.0.0
- completed:
    hackage: continued-fractions-0.10.0.2@sha256:82808ad1721046ca406659331402c5d894946d974f9ba4925931e9c7e6934549,1782
    pantry-tree:
      sha256: a71c87f48b29acb49ae1d85ce4a0fd86763411657c5bcadec78abb070ac6b94c
      size: 400
  original:
    hackage: continued-fractions-0.10.0.2
- completed:
    hackage: converge-0.1.0.1@sha256:47e5534a30ab798062012c003df12efcb9b3fbc63ac4f80525dcfc70737f1dc0,1203
    pantry-tree:
      sha256: ab6d6806d42f704168db1e9a52893daff67fd2d5b98f915a17e69d158492ccf6
      size: 176
  original:
    hackage: converge-0.1.0.1
snapshots:
- completed:
    sha256: adbc602422dde10cc330175da7de8609e70afc41449a7e2d6e8b1827aa0e5008
    size: 649342
    url: https://raw.githubusercontent.com/commercialhaskell/stackage-snapshots/master/lts/20/11.yaml
  original: lts-20.11
